
Microsoft Visual Studio Solution File, Format Version 12.00
# Visual Studio Version 17
VisualStudioVersion = 17.5.002.0
MinimumVisualStudioVersion = 10.0.40219.1
Project("{9A19103F-16F7-4668-BE54-9A1E7A4F7556}") = "TrilhaApiDesafio", "TrilhaApiDesafio.csproj", "{3A290CB5-C1B4-4DE6-B4AC-CC41E27D25A8}"
EndProject
Global
	GlobalSection(SolutionConfigurationPlatforms) = preSolution
		Debug|Any CPU = Debug|Any CPU
		Release|Any CPU = Release|Any CPU
	EndGlobalSection
	GlobalSection(ProjectConfigurationPlatforms) = postSolution
		{3A290CB5-C1B4-4DE6-B4AC-CC41E27D25A8}.Debug|Any CPU.ActiveCfg = Debug|Any CPU
		{3A290CB5-C1B4-4DE6-B4AC-CC41E27D25A8}.Debug|Any CPU.Build.0 = Debug|Any CPU
		{3A290CB5-C1B4-4DE6-B4AC-CC41E27D25A8}.Release|Any CPU.ActiveCfg = Release|Any CPU
		{3A290CB5-C1B4-4DE6-B4AC-CC41E27D25A8}.Release|Any CPU.Build.0 = Release|Any CPU
	EndGlobalSection
	GlobalSection(SolutionProperties) = preSolution
		HideSolutionNode = FALSE
	EndGlobalSection
	GlobalSection(ExtensibilityGlobals) = postSolution
		SolutionGuid = {1FF32885-77C5-47F0-8F08-7EE887878685}
	EndGlobalSection
EndGlobal
